// !$*UTF8*$!
{
	archiveVersion = 1;
	classes = {
	};
	objectVersion = 56;
	objects = {

/* Begin PBXBuildFile section */
		41D0BF742B470E8200EBF28E /* AppDelegate.swift in Sources */ = {isa = PBXBuildFile; fileRef = 41D0BF732B470E8200EBF28E /* AppDelegate.swift */; };
		41D0BF762B470E8200EBF28E /* SceneDelegate.swift in Sources */ = {isa = PBXBuildFile; fileRef = 41D0BF752B470E8200EBF28E /* SceneDelegate.swift */; };
		41D0BF782B470E8200EBF28E /* ViewController.swift in Sources */ = {isa = PBXBuildFile; fileRef = 41D0BF772B470E8200EBF28E /* ViewController.swift */; };
		41D0BF7D2B470E8400EBF28E /* Assets.xcassets in Resources */ = {isa = PBXBuildFile; fileRef = 41D0BF7C2B470E8400EBF28E /* Assets.xcassets */; };
		41D0BF802B470E8400EBF28E /* LaunchScreen.storyboard in Resources */ = {isa = PBXBuildFile; fileRef = 41D0BF7E2B470E8400EBF28E /* LaunchScreen.storyboard */; };
		41D0BFE62B5AB81800EBF28E /* FriendsViewController.swift in Sources */ = {isa = PBXBuildFile; fileRef = 41D0BFE52B5AB81800EBF28E /* FriendsViewController.swift */; };
		41D0BFE82B5AD95300EBF28E /* GroupsViewController.swift in Sources */ = {isa = PBXBuildFile; fileRef = 41D0BFE72B5AD95300EBF28E /* GroupsViewController.swift */; };
		41D0BFEA2B5AD98900EBF28E /* PhotosViewController.swift in Sources */ = {isa = PBXBuildFile; fileRef = 41D0BFE92B5AD98900EBF28E /* PhotosViewController.swift */; };
		41D0BFEE2B5ADC7E00EBF28E /* FriendCell.swift in Sources */ = {isa = PBXBuildFile; fileRef = 41D0BFED2B5ADC7E00EBF28E /* FriendCell.swift */; };
		41D0BFF02B5C229A00EBF28E /* GroupCell.swift in Sources */ = {isa = PBXBuildFile; fileRef = 41D0BFEF2B5C229A00EBF28E /* GroupCell.swift */; };
		41D0BFF22B5C2C3300EBF28E /* PhotoCell.swift in Sources */ = {isa = PBXBuildFile; fileRef = 41D0BFF12B5C2C3300EBF28E /* PhotoCell.swift */; };
		41D0BFF42B601ADE00EBF28E /* NetworkService.swift in Sources */ = {isa = PBXBuildFile; fileRef = 41D0BFF32B601ADE00EBF28E /* NetworkService.swift */; };
		41D0BFF62B6032B600EBF28E /* FriendsModel.swift in Sources */ = {isa = PBXBuildFile; fileRef = 41D0BFF52B6032B600EBF28E /* FriendsModel.swift */; };
		41D0BFF82B6042C000EBF28E /* GroupsModel.swift in Sources */ = {isa = PBXBuildFile; fileRef = 41D0BFF72B6042C000EBF28E /* GroupsModel.swift */; };
		41D0BFFA2B6055C700EBF28E /* PhotosModel.swift in Sources */ = {isa = PBXBuildFile; fileRef = 41D0BFF92B6055C700EBF28E /* PhotosModel.swift */; };
		41D0C0092B63F24500EBF28E /* ProfileViewController.swift in Sources */ = {isa = PBXBuildFile; fileRef = 41D0C0082B63F24500EBF28E /* ProfileViewController.swift */; };
		41D0C00C2B64241500EBF28E /* ProfileModel.swift in Sources */ = {isa = PBXBuildFile; fileRef = 41D0C00B2B64241500EBF28E /* ProfileModel.swift */; };
		41D0C0822B6AC18D00EBF28E /* ThemeView.swift in Sources */ = {isa = PBXBuildFile; fileRef = 41D0C0812B6AC18D00EBF28E /* ThemeView.swift */; };
		41D0C0852B6EA60800EBF28E /* Theme.swift in Sources */ = {isa = PBXBuildFile; fileRef = 41D0C0842B6EA60800EBF28E /* Theme.swift */; };
		41D0C0872B6EDBFE00EBF28E /* CoreDataService.swift in Sources */ = {isa = PBXBuildFile; fileRef = 41D0C0862B6EDBFE00EBF28E /* CoreDataService.swift */; };
		41D0C08A2B6EDE5C00EBF28E /* CoreDataModel.xcdatamodeld in Sources */ = {isa = PBXBuildFile; fileRef = 41D0C0882B6EDE5C00EBF28E /* CoreDataModel.xcdatamodeld */; };
		41D0C0CC2B7270E700EBF28E /* DateHelper.swift in Sources */ = {isa = PBXBuildFile; fileRef = 41D0C0CB2B7270E700EBF28E /* DateHelper.swift */; };
		41D0C1332B775EA300EBF28E /* FriendsViewControllerTests.swift in Sources */ = {isa = PBXBuildFile; fileRef = 41D0C1322B775EA300EBF28E /* FriendsViewControllerTests.swift */; };
		41D0C1392B7766CC00EBF28E /* NetworkServiceSpy.swift in Sources */ = {isa = PBXBuildFile; fileRef = 41D0C1382B7766CC00EBF28E /* NetworkServiceSpy.swift */; };
		41D0C13B2B77F8F500EBF28E /* CoreDataServiceSpy.swift in Sources */ = {isa = PBXBuildFile; fileRef = 41D0C13A2B77F8F500EBF28E /* CoreDataServiceSpy.swift */; };
		41D0C1432B7803E700EBF28E /* Homework7UITests.swift in Sources */ = {isa = PBXBuildFile; fileRef = 41D0C1422B7803E700EBF28E /* Homework7UITests.swift */; };
		41D0C1452B7803E700EBF28E /* Homework7UITestsLaunchTests.swift in Sources */ = {isa = PBXBuildFile; fileRef = 41D0C1442B7803E700EBF28E /* Homework7UITestsLaunchTests.swift */; };
/* End PBXBuildFile section */

/* Begin PBXContainerItemProxy section */
		41D0C12C2B775E4A00EBF28E /* PBXContainerItemProxy */ = {
			isa = PBXContainerItemProxy;
			containerPortal = 41D0BF682B470E8200EBF28E /* Project object */;
			proxyType = 1;
			remoteGlobalIDString = 41D0BF6F2B470E8200EBF28E;
			remoteInfo = Homework7;
		};
		41D0C1462B7803E700EBF28E /* PBXContainerItemProxy */ = {
			isa = PBXContainerItemProxy;
			containerPortal = 41D0BF682B470E8200EBF28E /* Project object */;
			proxyType = 1;
			remoteGlobalIDString = 41D0BF6F2B470E8200EBF28E;
			remoteInfo = Homework7;
		};
/* End PBXContainerItemProxy section */

/* Begin PBXFileReference section */
		41D0BF702B470E8200EBF28E /* Homework7.app */ = {isa = PBXFileReference; explicitFileType = wrapper.application; includeInIndex = 0; path = Homework7.app; sourceTree = BUILT_PRODUCTS_DIR; };
		41D0BF732B470E8200EBF28E /* AppDelegate.swift */ = {isa = PBXFileReference; lastKnownFileType = sourcecode.swift; path = AppDelegate.swift; sourceTree = "<group>"; };
		41D0BF752B470E8200EBF28E /* SceneDelegate.swift */ = {isa = PBXFileReference; lastKnownFileType = sourcecode.swift; path = SceneDelegate.swift; sourceTree = "<group>"; };
		41D0BF772B470E8200EBF28E /* ViewController.swift */ = {isa = PBXFileReference; lastKnownFileType = sourcecode.swift; path = ViewController.swift; sourceTree = "<group>"; };
		41D0BF7C2B470E8400EBF28E /* Assets.xcassets */ = {isa = PBXFileReference; lastKnownFileType = folder.assetcatalog; path = Assets.xcassets; sourceTree = "<group>"; };
		41D0BF7F2B470E8400EBF28E /* Base */ = {isa = PBXFileReference; lastKnownFileType = file.storyboard; name = Base; path = Base.lproj/LaunchScreen.storyboard; sourceTree = "<group>"; };
		41D0BF812B470E8400EBF28E /* Info.plist */ = {isa = PBXFileReference; lastKnownFileType = text.plist.xml; path = Info.plist; sourceTree = "<group>"; };
		41D0BFE52B5AB81800EBF28E /* FriendsViewController.swift */ = {isa = PBXFileReference; lastKnownFileType = sourcecode.swift; path = FriendsViewController.swift; sourceTree = "<group>"; };
		41D0BFE72B5AD95300EBF28E /* GroupsViewController.swift */ = {isa = PBXFileReference; lastKnownFileType = sourcecode.swift; path = GroupsViewController.swift; sourceTree = "<group>"; };
		41D0BFE92B5AD98900EBF28E /* PhotosViewController.swift */ = {isa = PBXFileReference; lastKnownFileType = sourcecode.swift; path = PhotosViewController.swift; sourceTree = "<group>"; };
		41D0BFED2B5ADC7E00EBF28E /* FriendCell.swift */ = {isa = PBXFileReference; lastKnownFileType = sourcecode.swift; path = FriendCell.swift; sourceTree = "<group>"; };
		41D0BFEF2B5C229A00EBF28E /* GroupCell.swift */ = {isa = PBXFileReference; lastKnownFileType = sourcecode.swift; path = GroupCell.swift; sourceTree = "<group>"; };
		41D0BFF12B5C2C3300EBF28E /* PhotoCell.swift */ = {isa = PBXFileReference; lastKnownFileType = sourcecode.swift; path = PhotoCell.swift; sourceTree = "<group>"; };
		41D0BFF32B601ADE00EBF28E /* NetworkService.swift */ = {isa = PBXFileReference; lastKnownFileType = sourcecode.swift; path = NetworkService.swift; sourceTree = "<group>"; };
		41D0BFF52B6032B600EBF28E /* FriendsModel.swift */ = {isa = PBXFileReference; lastKnownFileType = sourcecode.swift; path = FriendsModel.swift; sourceTree = "<group>"; };
		41D0BFF72B6042C000EBF28E /* GroupsModel.swift */ = {isa = PBXFileReference; lastKnownFileType = sourcecode.swift; path = GroupsModel.swift; sourceTree = "<group>"; };
		41D0BFF92B6055C700EBF28E /* PhotosModel.swift */ = {isa = PBXFileReference; lastKnownFileType = sourcecode.swift; path = PhotosModel.swift; sourceTree = "<group>"; };
		41D0C0082B63F24500EBF28E /* ProfileViewController.swift */ = {isa = PBXFileReference; lastKnownFileType = sourcecode.swift; path = ProfileViewController.swift; sourceTree = "<group>"; };
		41D0C00B2B64241500EBF28E /* ProfileModel.swift */ = {isa = PBXFileReference; lastKnownFileType = sourcecode.swift; path = ProfileModel.swift; sourceTree = "<group>"; };
		41D0C0812B6AC18D00EBF28E /* ThemeView.swift */ = {isa = PBXFileReference; lastKnownFileType = sourcecode.swift; path = ThemeView.swift; sourceTree = "<group>"; };
		41D0C0842B6EA60800EBF28E /* Theme.swift */ = {isa = PBXFileReference; lastKnownFileType = sourcecode.swift; path = Theme.swift; sourceTree = "<group>"; };
		41D0C0862B6EDBFE00EBF28E /* CoreDataService.swift */ = {isa = PBXFileReference; lastKnownFileType = sourcecode.swift; path = CoreDataService.swift; sourceTree = "<group>"; };
		41D0C0892B6EDE5C00EBF28E /* DataModel.xcdatamodel */ = {isa = PBXFileReference; lastKnownFileType = wrapper.xcdatamodel; path = DataModel.xcdatamodel; sourceTree = "<group>"; };
		41D0C0CB2B7270E700EBF28E /* DateHelper.swift */ = {isa = PBXFileReference; lastKnownFileType = sourcecode.swift; path = DateHelper.swift; sourceTree = "<group>"; };
		41D0C1282B775E4A00EBF28E /* Homework7Tests.xctest */ = {isa = PBXFileReference; explicitFileType = wrapper.cfbundle; includeInIndex = 0; path = Homework7Tests.xctest; sourceTree = BUILT_PRODUCTS_DIR; };
		41D0C1312B775EA200EBF28E /* Homework7Tests-Bridging-Header.h */ = {isa = PBXFileReference; lastKnownFileType = sourcecode.c.h; path = "Homework7Tests-Bridging-Header.h"; sourceTree = "<group>"; };
		41D0C1322B775EA300EBF28E /* FriendsViewControllerTests.swift */ = {isa = PBXFileReference; lastKnownFileType = sourcecode.swift; path = FriendsViewControllerTests.swift; sourceTree = "<group>"; };
		41D0C1382B7766CC00EBF28E /* NetworkServiceSpy.swift */ = {isa = PBXFileReference; lastKnownFileType = sourcecode.swift; path = NetworkServiceSpy.swift; sourceTree = "<group>"; };
		41D0C13A2B77F8F500EBF28E /* CoreDataServiceSpy.swift */ = {isa = PBXFileReference; lastKnownFileType = sourcecode.swift; path = CoreDataServiceSpy.swift; sourceTree = "<group>"; };
		41D0C1402B7803E700EBF28E /* Homework7UITests.xctest */ = {isa = PBXFileReference; explicitFileType = wrapper.cfbundle; includeInIndex = 0; path = Homework7UITests.xctest; sourceTree = BUILT_PRODUCTS_DIR; };
		41D0C1422B7803E700EBF28E /* Homework7UITests.swift */ = {isa = PBXFileReference; lastKnownFileType = sourcecode.swift; path = Homework7UITests.swift; sourceTree = "<group>"; };
		41D0C1442B7803E700EBF28E /* Homework7UITestsLaunchTests.swift */ = {isa = PBXFileReference; lastKnownFileType = sourcecode.swift; path = Homework7UITestsLaunchTests.swift; sourceTree = "<group>"; };
/* End PBXFileReference section */

/* Begin PBXFrameworksBuildPhase section */
		41D0BF6D2B470E8200EBF28E /* Frameworks */ = {
			isa = PBXFrameworksBuildPhase;
			buildActionMask = 2147483647;
			files = (
			);
			runOnlyForDeploymentPostprocessing = 0;
		};
		41D0C1252B775E4A00EBF28E /* Frameworks */ = {
			isa = PBXFrameworksBuildPhase;
			buildActionMask = 2147483647;
			files = (
			);
			runOnlyForDeploymentPostprocessing = 0;
		};
		41D0C13D2B7803E700EBF28E /* Frameworks */ = {
			isa = PBXFrameworksBuildPhase;
			buildActionMask = 2147483647;
			files = (
			);
			runOnlyForDeploymentPostprocessing = 0;
		};
/* End PBXFrameworksBuildPhase section */

/* Begin PBXGroup section */
		41D0BF672B470E8200EBF28E = {
			isa = PBXGroup;
			children = (
				41D0BF722B470E8200EBF28E /* Homework7 */,
				41D0C1292B775E4A00EBF28E /* Homework7Tests */,
				41D0C1412B7803E700EBF28E /* Homework7UITests */,
				41D0BF712B470E8200EBF28E /* Products */,
			);
			sourceTree = "<group>";
		};
		41D0BF712B470E8200EBF28E /* Products */ = {
			isa = PBXGroup;
			children = (
				41D0BF702B470E8200EBF28E /* Homework7.app */,
				41D0C1282B775E4A00EBF28E /* Homework7Tests.xctest */,
				41D0C1402B7803E700EBF28E /* Homework7UITests.xctest */,
			);
			name = Products;
			sourceTree = "<group>";
		};
		41D0BF722B470E8200EBF28E /* Homework7 */ = {
			isa = PBXGroup;
			children = (
				41D0BF732B470E8200EBF28E /* AppDelegate.swift */,
				41D0BF752B470E8200EBF28E /* SceneDelegate.swift */,
				41D0BF772B470E8200EBF28E /* ViewController.swift */,
				41D0BFF32B601ADE00EBF28E /* NetworkService.swift */,
				41D0C08B2B6EDF9F00EBF28E /* CoreData */,
				41D0C0832B6EA5EF00EBF28E /* Themes */,
				41D0BFE42B5AB7EC00EBF28E /* Friends */,
				41D0BFEB2B5ADC5D00EBF28E /* Groups */,
				41D0BFEC2B5ADC6900EBF28E /* Photos */,
				41D0C00A2B6423FE00EBF28E /* Profile */,
				41D0BF7C2B470E8400EBF28E /* Assets.xcassets */,
				41D0BF7E2B470E8400EBF28E /* LaunchScreen.storyboard */,
				41D0BF812B470E8400EBF28E /* Info.plist */,
			);
			path = Homework7;
			sourceTree = "<group>";
		};
		41D0BFE42B5AB7EC00EBF28E /* Friends */ = {
			isa = PBXGroup;
			children = (
				41D0BFE52B5AB81800EBF28E /* FriendsViewController.swift */,
				41D0BFED2B5ADC7E00EBF28E /* FriendCell.swift */,
				41D0BFF52B6032B600EBF28E /* FriendsModel.swift */,
			);
			path = Friends;
			sourceTree = "<group>";
		};
		41D0BFEB2B5ADC5D00EBF28E /* Groups */ = {
			isa = PBXGroup;
			children = (
				41D0BFE72B5AD95300EBF28E /* GroupsViewController.swift */,
				41D0BFEF2B5C229A00EBF28E /* GroupCell.swift */,
				41D0BFF72B6042C000EBF28E /* GroupsModel.swift */,
			);
			path = Groups;
			sourceTree = "<group>";
		};
		41D0BFEC2B5ADC6900EBF28E /* Photos */ = {
			isa = PBXGroup;
			children = (
				41D0BFE92B5AD98900EBF28E /* PhotosViewController.swift */,
				41D0BFF12B5C2C3300EBF28E /* PhotoCell.swift */,
				41D0BFF92B6055C700EBF28E /* PhotosModel.swift */,
			);
			path = Photos;
			sourceTree = "<group>";
		};
		41D0C00A2B6423FE00EBF28E /* Profile */ = {
			isa = PBXGroup;
			children = (
				41D0C0082B63F24500EBF28E /* ProfileViewController.swift */,
				41D0C00B2B64241500EBF28E /* ProfileModel.swift */,
			);
			path = Profile;
			sourceTree = "<group>";
		};
		41D0C0832B6EA5EF00EBF28E /* Themes */ = {
			isa = PBXGroup;
			children = (
				41D0C0812B6AC18D00EBF28E /* ThemeView.swift */,
				41D0C0842B6EA60800EBF28E /* Theme.swift */,
			);
			path = Themes;
			sourceTree = "<group>";
		};
		41D0C08B2B6EDF9F00EBF28E /* CoreData */ = {
			isa = PBXGroup;
			children = (
				41D0C0862B6EDBFE00EBF28E /* CoreDataService.swift */,
				41D0C0882B6EDE5C00EBF28E /* CoreDataModel.xcdatamodeld */,
				41D0C0CB2B7270E700EBF28E /* DateHelper.swift */,
			);
			path = CoreData;
			sourceTree = "<group>";
		};
		41D0C1292B775E4A00EBF28E /* Homework7Tests */ = {
			isa = PBXGroup;
			children = (
				41D0C1322B775EA300EBF28E /* FriendsViewControllerTests.swift */,
				41D0C1312B775EA200EBF28E /* Homework7Tests-Bridging-Header.h */,
				41D0C1382B7766CC00EBF28E /* NetworkServiceSpy.swift */,
				41D0C13A2B77F8F500EBF28E /* CoreDataServiceSpy.swift */,
			);
			path = Homework7Tests;
			sourceTree = "<group>";
		};
		41D0C1412B7803E700EBF28E /* Homework7UITests */ = {
			isa = PBXGroup;
			children = (
				41D0C1422B7803E700EBF28E /* Homework7UITests.swift */,
				41D0C1442B7803E700EBF28E /* Homework7UITestsLaunchTests.swift */,
			);
			path = Homework7UITests;
			sourceTree = "<group>";
		};
/* End PBXGroup section */

/* Begin PBXNativeTarget section */
		41D0BF6F2B470E8200EBF28E /* Homework7 */ = {
			isa = PBXNativeTarget;
			buildConfigurationList = 41D0BF842B470E8400EBF28E /* Build configuration list for PBXNativeTarget "Homework7" */;
			buildPhases = (
				41D0BF6C2B470E8200EBF28E /* Sources */,
				41D0BF6D2B470E8200EBF28E /* Frameworks */,
				41D0BF6E2B470E8200EBF28E /* Resources */,
			);
			buildRules = (
			);
			dependencies = (
			);
			name = Homework7;
			productName = "Homework1. UIKit";
			productReference = 41D0BF702B470E8200EBF28E /* Homework7.app */;
			productType = "com.apple.product-type.application";
		};
		41D0C1272B775E4A00EBF28E /* Homework7Tests */ = {
			isa = PBXNativeTarget;
			buildConfigurationList = 41D0C12E2B775E4A00EBF28E /* Build configuration list for PBXNativeTarget "Homework7Tests" */;
			buildPhases = (
				41D0C1242B775E4A00EBF28E /* Sources */,
				41D0C1252B775E4A00EBF28E /* Frameworks */,
				41D0C1262B775E4A00EBF28E /* Resources */,
			);
			buildRules = (
			);
			dependencies = (
				41D0C12D2B775E4A00EBF28E /* PBXTargetDependency */,
			);
			name = Homework7Tests;
			productName = Homework7Tests;
			productReference = 41D0C1282B775E4A00EBF28E /* Homework7Tests.xctest */;
			productType = "com.apple.product-type.bundle.unit-test";
		};
		41D0C13F2B7803E700EBF28E /* Homework7UITests */ = {
			isa = PBXNativeTarget;
			buildConfigurationList = 41D0C1482B7803E700EBF28E /* Build configuration list for PBXNativeTarget "Homework7UITests" */;
			buildPhases = (
				41D0C13C2B7803E700EBF28E /* Sources */,
				41D0C13D2B7803E700EBF28E /* Frameworks */,
				41D0C13E2B7803E700EBF28E /* Resources */,
			);
			buildRules = (
			);
			dependencies = (
				41D0C1472B7803E700EBF28E /* PBXTargetDependency */,
			);
			name = Homework7UITests;
			productName = Homework7UITests;
			productReference = 41D0C1402B7803E700EBF28E /* Homework7UITests.xctest */;
			productType = "com.apple.product-type.bundle.ui-testing";
		};
/* End PBXNativeTarget section */

/* Begin PBXProject section */
		41D0BF682B470E8200EBF28E /* Project object */ = {
			isa = PBXProject;
			attributes = {
				BuildIndependentTargetsInParallel = 1;
				LastSwiftUpdateCheck = 1510;
				LastUpgradeCheck = 1510;
				TargetAttributes = {
					41D0BF6F2B470E8200EBF28E = {
						CreatedOnToolsVersion = 15.1;
					};
					41D0C1272B775E4A00EBF28E = {
						CreatedOnToolsVersion = 15.1;
						LastSwiftMigration = 1510;
						TestTargetID = 41D0BF6F2B470E8200EBF28E;
					};
					41D0C13F2B7803E700EBF28E = {
						CreatedOnToolsVersion = 15.1;
						TestTargetID = 41D0BF6F2B470E8200EBF28E;
					};
				};
			};
			buildConfigurationList = 41D0BF6B2B470E8200EBF28E /* Build configuration list for PBXProject "Homework7" */;
			compatibilityVersion = "Xcode 14.0";
			developmentRegion = en;
			hasScannedForEncodings = 0;
			knownRegions = (
				en,
				Base,
			);
			mainGroup = 41D0BF672B470E8200EBF28E;
			productRefGroup = 41D0BF712B470E8200EBF28E /* Products */;
			projectDirPath = "";
			projectRoot = "";
			targets = (
				41D0BF6F2B470E8200EBF28E /* Homework7 */,
				41D0C1272B775E4A00EBF28E /* Homework7Tests */,
				41D0C13F2B7803E700EBF28E /* Homework7UITests */,
			);
		};
/* End PBXProject section */

/* Begin PBXResourcesBuildPhase section */
		41D0BF6E2B470E8200EBF28E /* Resources */ = {
			isa = PBXResourcesBuildPhase;
			buildActionMask = 2147483647;
			files = (
				41D0BF802B470E8400EBF28E /* LaunchScreen.storyboard in Resources */,
				41D0BF7D2B470E8400EBF28E /* Assets.xcassets in Resources */,
			);
			runOnlyForDeploymentPostprocessing = 0;
		};
		41D0C1262B775E4A00EBF28E /* Resources */ = {
			isa = PBXResourcesBuildPhase;
			buildActionMask = 2147483647;
			files = (
			);
			runOnlyForDeploymentPostprocessing = 0;
		};
		41D0C13E2B7803E700EBF28E /* Resources */ = {
			isa = PBXResourcesBuildPhase;
			buildActionMask = 2147483647;
			files = (
			);
			runOnlyForDeploymentPostprocessing = 0;
		};
/* End PBXResourcesBuildPhase section */

/* Begin PBXSourcesBuildPhase section */
		41D0BF6C2B470E8200EBF28E /* Sources */ = {
			isa = PBXSourcesBuildPhase;
			buildActionMask = 2147483647;
			files = (
				41D0C00C2B64241500EBF28E /* ProfileModel.swift in Sources */,
				41D0BFF62B6032B600EBF28E /* FriendsModel.swift in Sources */,
				41D0BFF42B601ADE00EBF28E /* NetworkService.swift in Sources */,
				41D0BFE62B5AB81800EBF28E /* FriendsViewController.swift in Sources */,
				41D0BFF22B5C2C3300EBF28E /* PhotoCell.swift in Sources */,
				41D0C0CC2B7270E700EBF28E /* DateHelper.swift in Sources */,
				41D0C0092B63F24500EBF28E /* ProfileViewController.swift in Sources */,
				41D0BF782B470E8200EBF28E /* ViewController.swift in Sources */,
				41D0BFF82B6042C000EBF28E /* GroupsModel.swift in Sources */,
				41D0C0822B6AC18D00EBF28E /* ThemeView.swift in Sources */,
				41D0BF742B470E8200EBF28E /* AppDelegate.swift in Sources */,
				41D0BFEA2B5AD98900EBF28E /* PhotosViewController.swift in Sources */,
				41D0BF762B470E8200EBF28E /* SceneDelegate.swift in Sources */,
				41D0BFE82B5AD95300EBF28E /* GroupsViewController.swift in Sources */,
				41D0BFEE2B5ADC7E00EBF28E /* FriendCell.swift in Sources */,
				41D0C08A2B6EDE5C00EBF28E /* CoreDataModel.xcdatamodeld in Sources */,
				41D0BFFA2B6055C700EBF28E /* PhotosModel.swift in Sources */,
				41D0BFF02B5C229A00EBF28E /* GroupCell.swift in Sources */,
				41D0C0872B6EDBFE00EBF28E /* CoreDataService.swift in Sources */,
				41D0C0852B6EA60800EBF28E /* Theme.swift in Sources */,
			);
			runOnlyForDeploymentPostprocessing = 0;
		};
		41D0C1242B775E4A00EBF28E /* Sources */ = {
			isa = PBXSourcesBuildPhase;
			buildActionMask = 2147483647;
			files = (
				41D0C1392B7766CC00EBF28E /* NetworkServiceSpy.swift in Sources */,
				41D0C1332B775EA300EBF28E /* FriendsViewControllerTests.swift in Sources */,
				41D0C13B2B77F8F500EBF28E /* CoreDataServiceSpy.swift in Sources */,
			);
			runOnlyForDeploymentPostprocessing = 0;
		};
		41D0C13C2B7803E700EBF28E /* Sources */ = {
			isa = PBXSourcesBuildPhase;
			buildActionMask = 2147483647;
			files = (
				41D0C1452B7803E700EBF28E /* Homework7UITestsLaunchTests.swift in Sources */,
				41D0C1432B7803E700EBF28E /* Homework7UITests.swift in Sources */,
			);
			runOnlyForDeploymentPostprocessing = 0;
		};
/* End PBXSourcesBuildPhase section */

/* Begin PBXTargetDependency section */
		41D0C12D2B775E4A00EBF28E /* PBXTargetDependency */ = {
			isa = PBXTargetDependency;
			target = 41D0BF6F2B470E8200EBF28E /* Homework7 */;
			targetProxy = 41D0C12C2B775E4A00EBF28E /* PBXContainerItemProxy */;
		};
		41D0C1472B7803E700EBF28E /* PBXTargetDependency */ = {
			isa = PBXTargetDependency;
			target = 41D0BF6F2B470E8200EBF28E /* Homework7 */;
			targetProxy = 41D0C1462B7803E700EBF28E /* PBXContainerItemProxy */;
		};
/* End PBXTargetDependency section */

/* Begin PBXVariantGroup section */
		41D0BF7E2B470E8400EBF28E /* LaunchScreen.storyboard */ = {
			isa = PBXVariantGroup;
			children = (
				41D0BF7F2B470E8400EBF28E /* Base */,
			);
			name = LaunchScreen.storyboard;
			sourceTree = "<group>";
		};
/* End PBXVariantGroup section */

/* Begin XCBuildConfiguration section */
		41D0BF822B470E8400EBF28E /* Debug */ = {
			isa = XCBuildConfiguration;
			buildSettings = {
				ALWAYS_SEARCH_USER_PATHS = NO;
				ASSETCATALOG_COMPILER_GENERATE_SWIFT_ASSET_SYMBOL_EXTENSIONS = YES;
				CLANG_ANALYZER_NONNULL = YES;
				CLANG_ANALYZER_NUMBER_OBJECT_CONVERSION = YES_AGGRESSIVE;
				CLANG_CXX_LANGUAGE_STANDARD = "gnu++20";
				CLANG_ENABLE_MODULES = YES;
				CLANG_ENABLE_OBJC_ARC = YES;
				CLANG_ENABLE_OBJC_WEAK = YES;
				CLANG_WARN_BLOCK_CAPTURE_AUTORELEASING = YES;
				CLANG_WARN_BOOL_CONVERSION = YES;
				CLANG_WARN_COMMA = YES;
				CLANG_WARN_CONSTANT_CONVERSION = YES;
				CLANG_WARN_DEPRECATED_OBJC_IMPLEMENTATIONS = YES;
				CLANG_WARN_DIRECT_OBJC_ISA_USAGE = YES_ERROR;
				CLANG_WARN_DOCUMENTATION_COMMENTS = YES;
				CLANG_WARN_EMPTY_BODY = YES;
				CLANG_WARN_ENUM_CONVERSION = YES;
				CLANG_WARN_INFINITE_RECURSION = YES;
				CLANG_WARN_INT_CONVERSION = YES;
				CLANG_WARN_NON_LITERAL_NULL_CONVERSION = YES;
				CLANG_WARN_OBJC_IMPLICIT_RETAIN_SELF = YES;
				CLANG_WARN_OBJC_LITERAL_CONVERSION = YES;
				CLANG_WARN_OBJC_ROOT_CLASS = YES_ERROR;
				CLANG_WARN_QUOTED_INCLUDE_IN_FRAMEWORK_HEADER = YES;
				CLANG_WARN_RANGE_LOOP_ANALYSIS = YES;
				CLANG_WARN_STRICT_PROTOTYPES = YES;
				CLANG_WARN_SUSPICIOUS_MOVE = YES;
				CLANG_WARN_UNGUARDED_AVAILABILITY = YES_AGGRESSIVE;
				CLANG_WARN_UNREACHABLE_CODE = YES;
				CLANG_WARN__DUPLICATE_METHOD_MATCH = YES;
				COPY_PHASE_STRIP = NO;
				DEBUG_INFORMATION_FORMAT = dwarf;
				ENABLE_STRICT_OBJC_MSGSEND = YES;
				ENABLE_TESTABILITY = YES;
				ENABLE_USER_SCRIPT_SANDBOXING = YES;
				GCC_C_LANGUAGE_STANDARD = gnu17;
				GCC_DYNAMIC_NO_PIC = NO;
				GCC_NO_COMMON_BLOCKS = YES;
				GCC_OPTIMIZATION_LEVEL = 0;
				GCC_PREPROCESSOR_DEFINITIONS = (
					"DEBUG=1",
					"$(inherited)",
				);
				GCC_WARN_64_TO_32_BIT_CONVERSION = YES;
				GCC_WARN_ABOUT_RETURN_TYPE = YES_ERROR;
				GCC_WARN_UNDECLARED_SELECTOR = YES;
				GCC_WARN_UNINITIALIZED_AUTOS = YES_AGGRESSIVE;
				GCC_WARN_UNUSED_FUNCTION = YES;
				GCC_WARN_UNUSED_VARIABLE = YES;
				IPHONEOS_DEPLOYMENT_TARGET = 17.2;
				LOCALIZATION_PREFERS_STRING_CATALOGS = YES;
				MTL_ENABLE_DEBUG_INFO = INCLUDE_SOURCE;
				MTL_FAST_MATH = YES;
				ONLY_ACTIVE_ARCH = YES;
				SDKROOT = iphoneos;
				SWIFT_ACTIVE_COMPILATION_CONDITIONS = "DEBUG $(inherited)";
				SWIFT_OPTIMIZATION_LEVEL = "-Onone";
			};
			name = Debug;
		};
		41D0BF832B470E8400EBF28E /* Release */ = {
			isa = XCBuildConfiguration;
			buildSettings = {
				ALWAYS_SEARCH_USER_PATHS = NO;
				ASSETCATALOG_COMPILER_GENERATE_SWIFT_ASSET_SYMBOL_EXTENSIONS = YES;
				CLANG_ANALYZER_NONNULL = YES;
				CLANG_ANALYZER_NUMBER_OBJECT_CONVERSION = YES_AGGRESSIVE;
				CLANG_CXX_LANGUAGE_STANDARD = "gnu++20";
				CLANG_ENABLE_MODULES = YES;
				CLANG_ENABLE_OBJC_ARC = YES;
				CLANG_ENABLE_OBJC_WEAK = YES;
				CLANG_WARN_BLOCK_CAPTURE_AUTORELEASING = YES;
				CLANG_WARN_BOOL_CONVERSION = YES;
				CLANG_WARN_COMMA = YES;
				CLANG_WARN_CONSTANT_CONVERSION = YES;
				CLANG_WARN_DEPRECATED_OBJC_IMPLEMENTATIONS = YES;
				CLANG_WARN_DIRECT_OBJC_ISA_USAGE = YES_ERROR;
				CLANG_WARN_DOCUMENTATION_COMMENTS = YES;
				CLANG_WARN_EMPTY_BODY = YES;
				CLANG_WARN_ENUM_CONVERSION = YES;
				CLANG_WARN_INFINITE_RECURSION = YES;
				CLANG_WARN_INT_CONVERSION = YES;
				CLANG_WARN_NON_LITERAL_NULL_CONVERSION = YES;
				CLANG_WARN_OBJC_IMPLICIT_RETAIN_SELF = YES;
				CLANG_WARN_OBJC_LITERAL_CONVERSION = YES;
				CLANG_WARN_OBJC_ROOT_CLASS = YES_ERROR;
				CLANG_WARN_QUOTED_INCLUDE_IN_FRAMEWORK_HEADER = YES;
				CLANG_WARN_RANGE_LOOP_ANALYSIS = YES;
				CLANG_WARN_STRICT_PROTOTYPES = YES;
				CLANG_WARN_SUSPICIOUS_MOVE = YES;
				CLANG_WARN_UNGUARDED_AVAILABILITY = YES_AGGRESSIVE;
				CLANG_WARN_UNREACHABLE_CODE = YES;
				CLANG_WARN__DUPLICATE_METHOD_MATCH = YES;
				COPY_PHASE_STRIP = NO;
				DEBUG_INFORMATION_FORMAT = "dwarf-with-dsym";
				ENABLE_NS_ASSERTIONS = NO;
				ENABLE_STRICT_OBJC_MSGSEND = YES;
				ENABLE_USER_SCRIPT_SANDBOXING = YES;
				GCC_C_LANGUAGE_STANDARD = gnu17;
				GCC_NO_COMMON_BLOCKS = YES;
				GCC_WARN_64_TO_32_BIT_CONVERSION = YES;
				GCC_WARN_ABOUT_RETURN_TYPE = YES_ERROR;
				GCC_WARN_UNDECLARED_SELECTOR = YES;
				GCC_WARN_UNINITIALIZED_AUTOS = YES_AGGRESSIVE;
				GCC_WARN_UNUSED_FUNCTION = YES;
				GCC_WARN_UNUSED_VARIABLE = YES;
				IPHONEOS_DEPLOYMENT_TARGET = 17.2;
				LOCALIZATION_PREFERS_STRING_CATALOGS = YES;
				MTL_ENABLE_DEBUG_INFO = NO;
				MTL_FAST_MATH = YES;
				SDKROOT = iphoneos;
				SWIFT_COMPILATION_MODE = wholemodule;
				VALIDATE_PRODUCT = YES;
			};
			name = Release;
		};
		41D0BF852B470E8400EBF28E /* Debug */ = {
			isa = XCBuildConfiguration;
			buildSettings = {
				ASSETCATALOG_COMPILER_APPICON_NAME = AppIcon;
				ASSETCATALOG_COMPILER_GLOBAL_ACCENT_COLOR_NAME = AccentColor;
				CODE_SIGN_STYLE = Automatic;
				CURRENT_PROJECT_VERSION = 1;
				GENERATE_INFOPLIST_FILE = YES;
				INFOPLIST_FILE = Homework7/Info.plist;
				INFOPLIST_KEY_UIApplicationSupportsIndirectInputEvents = YES;
				INFOPLIST_KEY_UILaunchStoryboardName = LaunchScreen;
				INFOPLIST_KEY_UISupportedInterfaceOrientations_iPad = "UIInterfaceOrientationPortrait UIInterfaceOrientationPortraitUpsideDown UIInterfaceOrientationLandscapeLeft UIInterfaceOrientationLandscapeRight";
				INFOPLIST_KEY_UISupportedInterfaceOrientations_iPhone = "UIInterfaceOrientationPortrait UIInterfaceOrientationLandscapeLeft UIInterfaceOrientationLandscapeRight";
				LD_RUNPATH_SEARCH_PATHS = (
					"$(inherited)",
					"@executable_path/Frameworks",
				);
				MARKETING_VERSION = 1.0;
				PRODUCT_BUNDLE_IDENTIFIER = Biramax.Homework7;
				PRODUCT_NAME = "$(TARGET_NAME)";
				SWIFT_EMIT_LOC_STRINGS = YES;
				SWIFT_VERSION = 5.0;
				TARGETED_DEVICE_FAMILY = "1,2";
			};
			name = Debug;
		};
		41D0BF862B470E8400EBF28E /* Release */ = {
			isa = XCBuildConfiguration;
			buildSettings = {
				ASSETCATALOG_COMPILER_APPICON_NAME = AppIcon;
				ASSETCATALOG_COMPILER_GLOBAL_ACCENT_COLOR_NAME = AccentColor;
				CODE_SIGN_STYLE = Automatic;
				CURRENT_PROJECT_VERSION = 1;
				GENERATE_INFOPLIST_FILE = YES;
				INFOPLIST_FILE = Homework7/Info.plist;
				INFOPLIST_KEY_UIApplicationSupportsIndirectInputEvents = YES;
				INFOPLIST_KEY_UILaunchStoryboardName = LaunchScreen;
				INFOPLIST_KEY_UISupportedInterfaceOrientations_iPad = "UIInterfaceOrientationPortrait UIInterfaceOrientationPortraitUpsideDown UIInterfaceOrientationLandscapeLeft UIInterfaceOrientationLandscapeRight";
				INFOPLIST_KEY_UISupportedInterfaceOrientations_iPhone = "UIInterfaceOrientationPortrait UIInterfaceOrientationLandscapeLeft UIInterfaceOrientationLandscapeRight";
				LD_RUNPATH_SEARCH_PATHS = (
					"$(inherited)",
					"@executable_path/Frameworks",
				);
				MARKETING_VERSION = 1.0;
				PRODUCT_BUNDLE_IDENTIFIER = Biramax.Homework7;
				PRODUCT_NAME = "$(TARGET_NAME)";
				SWIFT_EMIT_LOC_STRINGS = YES;
				SWIFT_VERSION = 5.0;
				TARGETED_DEVICE_FAMILY = "1,2";
			};
			name = Release;
		};
		41D0C12F2B775E4A00EBF28E /* Debug */ = {
			isa = XCBuildConfiguration;
			buildSettings = {
				BUNDLE_LOADER = "$(TEST_HOST)";
				CLANG_ENABLE_MODULES = YES;
				CODE_SIGN_STYLE = Automatic;
				CURRENT_PROJECT_VERSION = 1;
				GENERATE_INFOPLIST_FILE = YES;
				MARKETING_VERSION = 1.0;
				PRODUCT_BUNDLE_IDENTIFIER = Biramax.Homework7Tests;
				PRODUCT_NAME = "$(TARGET_NAME)";
				SWIFT_EMIT_LOC_STRINGS = NO;
				SWIFT_OBJC_BRIDGING_HEADER = "Homework7Tests/Homework7Tests-Bridging-Header.h";
				SWIFT_OPTIMIZATION_LEVEL = "-Onone";
				SWIFT_VERSION = 5.0;
				TARGETED_DEVICE_FAMILY = "1,2";
				TEST_HOST = "$(BUILT_PRODUCTS_DIR)/Homework7.app/$(BUNDLE_EXECUTABLE_FOLDER_PATH)/Homework7";
			};
			name = Debug;
		};
		41D0C1302B775E4A00EBF28E /* Release */ = {
			isa = XCBuildConfiguration;
			buildSettings = {
				BUNDLE_LOADER = "$(TEST_HOST)";
				CLANG_ENABLE_MODULES = YES;
				CODE_SIGN_STYLE = Automatic;
				CURRENT_PROJECT_VERSION = 1;
				GENERATE_INFOPLIST_FILE = YES;
				MARKETING_VERSION = 1.0;
				PRODUCT_BUNDLE_IDENTIFIER = Biramax.Homework7Tests;
				PRODUCT_NAME = "$(TARGET_NAME)";
				SWIFT_EMIT_LOC_STRINGS = NO;
				SWIFT_OBJC_BRIDGING_HEADER = "Homework7Tests/Homework7Tests-Bridging-Header.h";
				SWIFT_VERSION = 5.0;
				TARGETED_DEVICE_FAMILY = "1,2";
				TEST_HOST = "$(BUILT_PRODUCTS_DIR)/Homework7.app/$(BUNDLE_EXECUTABLE_FOLDER_PATH)/Homework7";
			};
			name = Release;
		};
		41D0C1492B7803E700EBF28E /* Debug */ = {
			isa = XCBuildConfiguration;
			buildSettings = {
				CODE_SIGN_STYLE = Automatic;
				CURRENT_PROJECT_VERSION = 1;
				GENERATE_INFOPLIST_FILE = YES;
				MARKETING_VERSION = 1.0;
				PRODUCT_BUNDLE_IDENTIFIER = Biramax.Homework7UITests;
				PRODUCT_NAME = "$(TARGET_NAME)";
				SWIFT_EMIT_LOC_STRINGS = NO;
				SWIFT_VERSION = 5.0;
				TARGETED_DEVICE_FAMILY = "1,2";
				TEST_TARGET_NAME = Homework7;
			};
			name = Debug;
		};
		41D0C14A2B7803E700EBF28E /* Release */ = {
			isa = XCBuildConfiguration;
			buildSettings = {
				CODE_SIGN_STYLE = Automatic;
				CURRENT_PROJECT_VERSION = 1;
				GENERATE_INFOPLIST_FILE = YES;
				MARKETING_VERSION = 1.0;
				PRODUCT_BUNDLE_IDENTIFIER = Biramax.Homework7UITests;
				PRODUCT_NAME = "$(TARGET_NAME)";
				SWIFT_EMIT_LOC_STRINGS = NO;
				SWIFT_VERSION = 5.0;
				TARGETED_DEVICE_FAMILY = "1,2";
				TEST_TARGET_NAME = Homework7;
			};
			name = Release;
		};
/* End XCBuildConfiguration section */

/* Begin XCConfigurationList section */
		41D0BF6B2B470E8200EBF28E /* Build configuration list for PBXProject "Homework7" */ = {
			isa = XCConfigurationList;
			buildConfigurations = (
				41D0BF822B470E8400EBF28E /* Debug */,
				41D0BF832B470E8400EBF28E /* Release */,
			);
			defaultConfigurationIsVisible = 0;
			defaultConfigurationName = Release;
		};
		41D0BF842B470E8400EBF28E /* Build configuration list for PBXNativeTarget "Homework7" */ = {
			isa = XCConfigurationList;
			buildConfigurations = (
				41D0BF852B470E8400EBF28E /* Debug */,
				41D0BF862B470E8400EBF28E /* Release */,
			);
			defaultConfigurationIsVisible = 0;
			defaultConfigurationName = Release;
		};
		41D0C12E2B775E4A00EBF28E /* Build configuration list for PBXNativeTarget "Homework7Tests" */ = {
			isa = XCConfigurationList;
			buildConfigurations = (
				41D0C12F2B775E4A00EBF28E /* Debug */,
				41D0C1302B775E4A00EBF28E /* Release */,
			);
			defaultConfigurationIsVisible = 0;
			defaultConfigurationName = Release;
		};
		41D0C1482B7803E700EBF28E /* Build configuration list for PBXNativeTarget "Homework7UITests" */ = {
			isa = XCConfigurationList;
			buildConfigurations = (
				41D0C1492B7803E700EBF28E /* Debug */,
				41D0C14A2B7803E700EBF28E /* Release */,
			);
			defaultConfigurationIsVisible = 0;
			defaultConfigurationName = Release;
		};
/* End XCConfigurationList section */

/* Begin XCVersionGroup section */
		41D0C0882B6EDE5C00EBF28E /* CoreDataModel.xcdatamodeld */ = {
			isa = XCVersionGroup;
			children = (
				41D0C0892B6EDE5C00EBF28E /* DataModel.xcdatamodel */,
			);
			currentVersion = 41D0C0892B6EDE5C00EBF28E /* DataModel.xcdatamodel */;
			path = CoreDataModel.xcdatamodeld;
			sourceTree = "<group>";
			versionGroupType = wrapper.xcdatamodel;
		};
/* End XCVersionGroup section */
	};
	rootObject = 41D0BF682B470E8200EBF28E /* Project object */;
}
